
Microsoft Visual Studio Solution File, Format Version 12.00
# Visual Studio Version 17
VisualStudioVersion = 17.12.35527.113 d17.12
MinimumVisualStudioVersion = 10.0.40219.1
Project("{FAE04EC0-301F-11D3-BF4B-00C04F79EFBC}") = "C48-G03-OOP03", "C48-G03-OOP03.csproj", "{04570F03-FBD3-4808-B041-87597AA4DC21}"
EndProject
Global
	GlobalSection(SolutionConfigurationPlatforms) = preSolution
		Debug|Any CPU = Debug|Any CPU
		Release|Any CPU = Release|Any CPU
	EndGlobalSection
	GlobalSection(ProjectConfigurationPlatforms) = postSolution
		{04570F03-FBD3-4808-B041-87597AA4DC21}.Debug|Any CPU.ActiveCfg = Debug|Any CPU
		{04570F03-FBD3-4808-B041-87597AA4DC21}.Debug|Any CPU.Build.0 = Debug|Any CPU
		{04570F03-FBD3-4808-B041-87597AA4DC21}.Release|Any CPU.ActiveCfg = Release|Any CPU
		{04570F03-FBD3-4808-B041-87597AA4DC21}.Release|Any CPU.Build.0 = Release|Any CPU
	EndGlobalSection
	GlobalSection(SolutionProperties) = preSolution
		HideSolutionNode = FALSE
	EndGlobalSection
EndGlobal
